
Microsoft Visual Studio Solution File, Format Version 12.00
# Visual Studio 15
Project("{FAE04EC0-301F-11D3-BF4B-00C04F79EFBC}") = "Assembly-CSharp", "Assembly-CSharp.csproj", "{FF4BDAF3-AA27-58EC-39B0-7A4BD7578195}"
EndProject
Global
	GlobalSection(SolutionConfigurationPlatforms) = preSolution
		Debug|Any CPU = Debug|Any CPU
		Release|Any CPU = Release|Any CPU
	EndGlobalSection
	GlobalSection(ProjectConfigurationPlatforms) = postSolution
		{FF4BDAF3-AA27-58EC-39B0-7A4BD7578195}.Debug|Any CPU.ActiveCfg = Debug|Any CPU
		{FF4BDAF3-AA27-58EC-39B0-7A4BD7578195}.Debug|Any CPU.Build.0 = Debug|Any CPU
		{FF4BDAF3-AA27-58EC-39B0-7A4BD7578195}.Release|Any CPU.ActiveCfg = Release|Any CPU
		{FF4BDAF3-AA27-58EC-39B0-7A4BD7578195}.Release|Any CPU.Build.0 = Release|Any CPU
	EndGlobalSection
	GlobalSection(SolutionProperties) = preSolution
		HideSolutionNode = FALSE
	EndGlobalSection
EndGlobal
